<?xml version="1.0" encoding="utf-8"?>
<Project ToolsVersion="4.0" xmlns="http://schemas.microsoft.com/developer/msbuild/2003">
  <ItemGroup>
    <Filter Include="Source Files">
      <UniqueIdentifier>{4FC737F1-C7A5-4376-A066-2A32D752A2FF}</UniqueIdentifier>
      <Extensions>cpp;c;cc;cxx;def;odl;idl;hpj;bat;asm;asmx</Extensions>
    </Filter>
    <Filter Include="Header Files">
      <UniqueIdentifier>{93995380-89BD-4b04-88EB-625FBE52EBFB}</UniqueIdentifier>
      <Extensions>h;hh;hpp;hxx;hm;inl;inc;ipp;xsd</Extensions>
    </Filter>
    <Filter Include="Resource Files">
      <UniqueIdentifier>{67DA6AB6-F800-4c08-8B7A-83BB121AAD01}</UniqueIdentifier>
      <Extensions>rc;ico;cur;bmp;dlg;rc2;rct;bin;rgs;gif;jpg;jpeg;jpe;resx;tiff;tif;png;wav;mfcribbon-ms</Extensions>
    </Filter>
    <Filter Include="Source Files\Manager">
      <UniqueIdentifier>{59a185da-cbfd-485b-91ff-acfc9bde2ca6}</UniqueIdentifier>
    </Filter>
    <Filter Include="Header Files\Manager">
      <UniqueIdentifier>{7009c282-1673-4490-83f9-5c8584be2c03}</UniqueIdentifier>
    </Filter>
    <Filter Include="Source Files\Forms">
      <UniqueIdentifier>{5e75fc03-673d-4c38-85c9-cf0e84812bf2}</UniqueIdentifier>
    </Filter>
    <Filter Include="Header Files\Forms">
      <UniqueIdentifier>{c50ea8b4-72a5-4bf4-956e-070bb57acbe3}</UniqueIdentifier>
    </Filter>
    <Filter Include="Header Files\Behaviour">
      <UniqueIdentifier>{ac80fcc0-48b1-4645-8051-09b6301b1641}</UniqueIdentifier>
    </Filter>
    <Filter Include="Source Files\Behaviour">
      <UniqueIdentifier>{50793e1b-2df2-48b5-b32f-ff164a37ee54}</UniqueIdentifier>
    </Filter>
    <Filter Include="Header Files\Player">
      <UniqueIdentifier>{f897fb3e-9a78-43ea-b5fc-e427279c898e}</UniqueIdentifier>
    </Filter>
    <Filter Include="Source Files\Player">
      <UniqueIdentifier>{00a05d32-489f-4f75-9261-3117b34bf628}</UniqueIdentifier>
    </Filter>
    <Filter Include="Header Files\GameObject">
      <UniqueIdentifier>{31c7d1b1-a675-423c-91b8-e8a20d8ec04c}</UniqueIdentifier>
    </Filter>
    <Filter Include="Source Files\GameObject">
      <UniqueIdentifier>{6489e691-9468-4fed-9de5-41a83b6efaa9}</UniqueIdentifier>
    </Filter>
  </ItemGroup>
  <ItemGroup>
    <None Include="ClassDiagram.cd" />
    <None Include="ClassDiagram1.cd" />
  </ItemGroup>
  <ItemGroup>
    <ClCompile Include="main.cpp">
      <Filter>Source Files</Filter>
    </ClCompile>
    <ClCompile Include="SGH_Runtime.cpp">
      <Filter>Source Files</Filter>
    </ClCompile>
    <ClCompile Include="SGH_GameObjectManager.cpp">
      <Filter>Source Files\Manager</Filter>
    </ClCompile>
    <ClCompile Include="SGH_Rect.cpp">
      <Filter>Source Files\Forms</Filter>
    </ClCompile>
    <ClCompile Include="SGH_Circle.cpp">
      <Filter>Source Files\Forms</Filter>
    </ClCompile>
    <ClCompile Include="SGH_Behaviour.cpp">
      <Filter>Source Files\Behaviour</Filter>
    </ClCompile>
    <ClCompile Include="SGH_BouncyBehaviour.cpp">
      <Filter>Source Files\Behaviour</Filter>
    </ClCompile>
    <ClCompile Include="SGH_Slider.cpp">
      <Filter>Source Files\Forms</Filter>
    </ClCompile>
    <ClCompile Include="SGH_PongBall.cpp">
      <Filter>Source Files\Forms</Filter>
    </ClCompile>
    <ClCompile Include="SGH_MoveBehaviour.cpp">
      <Filter>Source Files\Behaviour</Filter>
    </ClCompile>
    <ClCompile Include="SGH_DestroyBehaviour.cpp">
      <Filter>Source Files\Behaviour</Filter>
    </ClCompile>
    <ClCompile Include="SGH_PongBehaviour.cpp">
      <Filter>Source Files\Behaviour</Filter>
    </ClCompile>
    <ClCompile Include="SGH_Player.cpp">
      <Filter>Source Files\Player</Filter>
    </ClCompile>
    <ClCompile Include="SGH_PlayerManager.cpp">
      <Filter>Source Files\Manager</Filter>
    </ClCompile>
    <ClCompile Include="SGH_InputManager.cpp">
      <Filter>Source Files\Manager</Filter>
    </ClCompile>
    <ClCompile Include="SGH_ControllableGameObject.cpp">
      <Filter>Source Files\GameObject</Filter>
    </ClCompile>
    <ClCompile Include="SGH_GameObject.cpp">
      <Filter>Source Files\GameObject</Filter>
    </ClCompile>
    <ClCompile Include="SGH_GameManager.cpp">
      <Filter>Source Files\Manager</Filter>
    </ClCompile>
    <ClCompile Include="SGH_Bric.cpp">
      <Filter>Source Files\Forms</Filter>
    </ClCompile>
    <ClCompile Include="SGH_BricBehaviour.cpp">
      <Filter>Source Files\Behaviour</Filter>
    </ClCompile>
    <ClCompile Include="SGH_Menu.cpp">
      <Filter>Source Files</Filter>
    </ClCompile>
    <ClCompile Include="SGH_Text.cpp">
      <Filter>Source Files\Forms</Filter>
    </ClCompile>
    <ClCompile Include="SGH_Button.cpp">
      <Filter>Source Files</Filter>
    </ClCompile>
  </ItemGroup>
  <ItemGroup>
    <ClInclude Include="SGH_Runtime.h">
      <Filter>Header Files</Filter>
    </ClInclude>
    <ClInclude Include="SGH_GameObjectManager.h">
      <Filter>Header Files\Manager</Filter>
    </ClInclude>
    <ClInclude Include="SGH_Rect.h">
      <Filter>Header Files\Forms</Filter>
    </ClInclude>
    <ClInclude Include="SGH_Circle.h">
      <Filter>Header Files\Forms</Filter>
    </ClInclude>
    <ClInclude Include="SGH_Behaviour.h">
      <Filter>Header Files\Behaviour</Filter>
    </ClInclude>
    <ClInclude Include="SGH_BouncyBehaviour.h">
      <Filter>Header Files\Behaviour</Filter>
    </ClInclude>
    <ClInclude Include="SGH_MoveBehaviour.h">
      <Filter>Header Files\Behaviour</Filter>
    </ClInclude>
    <ClInclude Include="SGH_Slider.h">
      <Filter>Header Files\Forms</Filter>
    </ClInclude>
    <ClInclude Include="SGH_PongBall.h">
      <Filter>Header Files\Forms</Filter>
    </ClInclude>
    <ClInclude Include="SGH_DestroyBehaviour.h">
      <Filter>Header Files\Behaviour</Filter>
    </ClInclude>
    <ClInclude Include="SGH_PongBehaviour.h">
      <Filter>Header Files\Behaviour</Filter>
    </ClInclude>
    <ClInclude Include="SGH_Player.h">
      <Filter>Header Files\Player</Filter>
    </ClInclude>
    <ClInclude Include="SGH_ControllableGameObject.h">
      <Filter>Header Files\GameObject</Filter>
    </ClInclude>
    <ClInclude Include="SGH_InputManager.h">
      <Filter>Header Files\Manager</Filter>
    </ClInclude>
    <ClInclude Include="SGH_PlayerManager.h">
      <Filter>Header Files\Manager</Filter>
    </ClInclude>
    <ClInclude Include="SGH_GameManager.h">
      <Filter>Header Files\Manager</Filter>
    </ClInclude>
    <ClInclude Include="SGH_GameObject.h">
      <Filter>Header Files\GameObject</Filter>
    </ClInclude>
    <ClInclude Include="SGH_Bric.h">
      <Filter>Header Files\Forms</Filter>
    </ClInclude>
    <ClInclude Include="SGH_BricBehaviour.h">
      <Filter>Header Files</Filter>
    </ClInclude>
    <ClInclude Include="SGH_Menu.h">
      <Filter>Header Files</Filter>
    </ClInclude>
    <ClInclude Include="resource.h">
      <Filter>Header Files</Filter>
    </ClInclude>
    <ClInclude Include="SGH_Text.h">
      <Filter>Header Files\Forms</Filter>
    </ClInclude>
    <ClInclude Include="SGH_Button.h">
      <Filter>Header Files</Filter>
    </ClInclude>
  </ItemGroup>
  <ItemGroup>
    <ResourceCompile Include="SFML_gameobject_hierarchy.rc">
      <Filter>Resource Files</Filter>
    </ResourceCompile>
  </ItemGroup>
</Project>